
Microsoft Visual Studio Solution File, Format Version 12.00
# Visual Studio Version 17
VisualStudioVersion = 17.7.34031.279
MinimumVisualStudioVersion = 10.0.40219.1
Project("{FAE04EC0-301F-11D3-BF4B-00C04F79EFBC}") = "JobPortal", "JobPortal\JobPortal.csproj", "{6058D5E8-61ED-4737-A736-8C6F95D44625}"
EndProject
Global
	GlobalSection(SolutionConfigurationPlatforms) = preSolution
		Debug|Any CPU = Debug|Any CPU
		Release|Any CPU = Release|Any CPU
	EndGlobalSection
	GlobalSection(ProjectConfigurationPlatforms) = postSolution
		{6058D5E8-61ED-4737-A736-8C6F95D44625}.Debug|Any CPU.ActiveCfg = Debug|Any CPU
		{6058D5E8-61ED-4737-A736-8C6F95D44625}.Debug|Any CPU.Build.0 = Debug|Any CPU
		{6058D5E8-61ED-4737-A736-8C6F95D44625}.Release|Any CPU.ActiveCfg = Release|Any CPU
		{6058D5E8-61ED-4737-A736-8C6F95D44625}.Release|Any CPU.Build.0 = Release|Any CPU
	EndGlobalSection
	GlobalSection(SolutionProperties) = preSolution
		HideSolutionNode = FALSE
	EndGlobalSection
	GlobalSection(ExtensibilityGlobals) = postSolution
		SolutionGuid = {6373A1CB-A087-476D-B093-1E787099CB3D}
	EndGlobalSection
EndGlobal
